
Microsoft Visual Studio Solution File, Format Version 12.00
# Visual Studio Version 16
VisualStudioVersion = 16.0.29613.14
MinimumVisualStudioVersion = 10.0.40219.1
Project("{FAE04EC0-301F-11D3-BF4B-00C04F79EFBC}") = "primeraFunction", "primeraFunction\primeraFunction.csproj", "{DDF1687E-E65D-4C7A-8D81-E02CE3337B87}"
EndProject
Global
	GlobalSection(SolutionConfigurationPlatforms) = preSolution
		Debug|Any CPU = Debug|Any CPU
		Release|Any CPU = Release|Any CPU
	EndGlobalSection
	GlobalSection(ProjectConfigurationPlatforms) = postSolution
		{DDF1687E-E65D-4C7A-8D81-E02CE3337B87}.Debug|Any CPU.ActiveCfg = Debug|Any CPU
		{DDF1687E-E65D-4C7A-8D81-E02CE3337B87}.Debug|Any CPU.Build.0 = Debug|Any CPU
		{DDF1687E-E65D-4C7A-8D81-E02CE3337B87}.Release|Any CPU.ActiveCfg = Release|Any CPU
		{DDF1687E-E65D-4C7A-8D81-E02CE3337B87}.Release|Any CPU.Build.0 = Release|Any CPU
	EndGlobalSection
	GlobalSection(SolutionProperties) = preSolution
		HideSolutionNode = FALSE
	EndGlobalSection
	GlobalSection(ExtensibilityGlobals) = postSolution
		SolutionGuid = {7F8B0990-77CD-4F70-A380-620A14094AB9}
	EndGlobalSection
EndGlobal
